
Microsoft Visual Studio Solution File, Format Version 12.00
# Visual Studio Version 16
VisualStudioVersion = 16.0.32002.261
MinimumVisualStudioVersion = 10.0.40219.1
Project("{FAE04EC0-301F-11D3-BF4B-00C04F79EFBC}") = "NumberPyramid", "NumberPyramid\NumberPyramid.csproj", "{B7105005-EA05-4829-A2C4-45647EB68D5F}"
EndProject
Project("{FAE04EC0-301F-11D3-BF4B-00C04F79EFBC}") = "EqualSumsEvenOddPosition", "EqualSumsEvenOddPosition\EqualSumsEvenOddPosition.csproj", "{B4C3F56F-953D-43B8-8E81-EF8724AB385F}"
EndProject
Project("{FAE04EC0-301F-11D3-BF4B-00C04F79EFBC}") = "SumPrimeNonPrime", "SumPrimeNonPrime\SumPrimeNonPrime.csproj", "{C3249C53-9CEF-4C30-BA99-90EA9ED2D015}"
EndProject
Project("{FAE04EC0-301F-11D3-BF4B-00C04F79EFBC}") = "TrainTheTrainers", "TrainTheTrainers\TrainTheTrainers.csproj", "{85925AE3-7990-468E-B273-24F04F6CA4D6}"
EndProject
Project("{FAE04EC0-301F-11D3-BF4B-00C04F79EFBC}") = "SpecialNumbers", "SpecialNumbers\SpecialNumbers.csproj", "{01D2F434-3E21-4C1F-A08A-1F73AB52960E}"
EndProject
Project("{FAE04EC0-301F-11D3-BF4B-00C04F79EFBC}") = "CinemaTickets", "CinemaTickets\CinemaTickets.csproj", "{D12D6706-AA7E-4DC7-8BA5-38A4228D0BBA}"
EndProject
Global
	GlobalSection(SolutionConfigurationPlatforms) = preSolution
		Debug|Any CPU = Debug|Any CPU
		Release|Any CPU = Release|Any CPU
	EndGlobalSection
	GlobalSection(ProjectConfigurationPlatforms) = postSolution
		{B7105005-EA05-4829-A2C4-45647EB68D5F}.Debug|Any CPU.ActiveCfg = Debug|Any CPU
		{B7105005-EA05-4829-A2C4-45647EB68D5F}.Debug|Any CPU.Build.0 = Debug|Any CPU
		{B7105005-EA05-4829-A2C4-45647EB68D5F}.Release|Any CPU.ActiveCfg = Release|Any CPU
		{B7105005-EA05-4829-A2C4-45647EB68D5F}.Release|Any CPU.Build.0 = Release|Any CPU
		{B4C3F56F-953D-43B8-8E81-EF8724AB385F}.Debug|Any CPU.ActiveCfg = Debug|Any CPU
		{B4C3F56F-953D-43B8-8E81-EF8724AB385F}.Debug|Any CPU.Build.0 = Debug|Any CPU
		{B4C3F56F-953D-43B8-8E81-EF8724AB385F}.Release|Any CPU.ActiveCfg = Release|Any CPU
		{B4C3F56F-953D-43B8-8E81-EF8724AB385F}.Release|Any CPU.Build.0 = Release|Any CPU
		{C3249C53-9CEF-4C30-BA99-90EA9ED2D015}.Debug|Any CPU.ActiveCfg = Debug|Any CPU
		{C3249C53-9CEF-4C30-BA99-90EA9ED2D015}.Debug|Any CPU.Build.0 = Debug|Any CPU
		{C3249C53-9CEF-4C30-BA99-90EA9ED2D015}.Release|Any CPU.ActiveCfg = Release|Any CPU
		{C3249C53-9CEF-4C30-BA99-90EA9ED2D015}.Release|Any CPU.Build.0 = Release|Any CPU
		{85925AE3-7990-468E-B273-24F04F6CA4D6}.Debug|Any CPU.ActiveCfg = Debug|Any CPU
		{85925AE3-7990-468E-B273-24F04F6CA4D6}.Debug|Any CPU.Build.0 = Debug|Any CPU
		{85925AE3-7990-468E-B273-24F04F6CA4D6}.Release|Any CPU.ActiveCfg = Release|Any CPU
		{85925AE3-7990-468E-B273-24F04F6CA4D6}.Release|Any CPU.Build.0 = Release|Any CPU
		{01D2F434-3E21-4C1F-A08A-1F73AB52960E}.Debug|Any CPU.ActiveCfg = Debug|Any CPU
		{01D2F434-3E21-4C1F-A08A-1F73AB52960E}.Debug|Any CPU.Build.0 = Debug|Any CPU
		{01D2F434-3E21-4C1F-A08A-1F73AB52960E}.Release|Any CPU.ActiveCfg = Release|Any CPU
		{01D2F434-3E21-4C1F-A08A-1F73AB52960E}.Release|Any CPU.Build.0 = Release|Any CPU
		{D12D6706-AA7E-4DC7-8BA5-38A4228D0BBA}.Debug|Any CPU.ActiveCfg = Debug|Any CPU
		{D12D6706-AA7E-4DC7-8BA5-38A4228D0BBA}.Debug|Any CPU.Build.0 = Debug|Any CPU
		{D12D6706-AA7E-4DC7-8BA5-38A4228D0BBA}.Release|Any CPU.ActiveCfg = Release|Any CPU
		{D12D6706-AA7E-4DC7-8BA5-38A4228D0BBA}.Release|Any CPU.Build.0 = Release|Any CPU
	EndGlobalSection
	GlobalSection(SolutionProperties) = preSolution
		HideSolutionNode = FALSE
	EndGlobalSection
	GlobalSection(ExtensibilityGlobals) = postSolution
		SolutionGuid = {B32AE649-C89D-4E66-A44A-BCBEF66F6ADB}
	EndGlobalSection
EndGlobal
